
Microsoft Visual Studio Solution File, Format Version 12.00
# Visual Studio Version 16
VisualStudioVersion = 16.0.28902.138
MinimumVisualStudioVersion = 10.0.40219.1
Project("{9A19103F-16F7-4668-BE54-9A1E7A4F7556}") = "NFLTeams", "NFLTeams\NFLTeams.csproj", "{90009047-8206-4FD2-8868-526575BA6DD3}"
EndProject
Global
	GlobalSection(SolutionConfigurationPlatforms) = preSolution
		Debug|Any CPU = Debug|Any CPU
		Release|Any CPU = Release|Any CPU
	EndGlobalSection
	GlobalSection(ProjectConfigurationPlatforms) = postSolution
		{90009047-8206-4FD2-8868-526575BA6DD3}.Debug|Any CPU.ActiveCfg = Debug|Any CPU
		{90009047-8206-4FD2-8868-526575BA6DD3}.Debug|Any CPU.Build.0 = Debug|Any CPU
		{90009047-8206-4FD2-8868-526575BA6DD3}.Release|Any CPU.ActiveCfg = Release|Any CPU
		{90009047-8206-4FD2-8868-526575BA6DD3}.Release|Any CPU.Build.0 = Release|Any CPU
	EndGlobalSection
	GlobalSection(SolutionProperties) = preSolution
		HideSolutionNode = FALSE
	EndGlobalSection
	GlobalSection(ExtensibilityGlobals) = postSolution
		SolutionGuid = {1EE935E0-1E45-4DDA-96F6-E7694D773A72}
	EndGlobalSection
EndGlobal
