
Microsoft Visual Studio Solution File, Format Version 12.00
# Visual Studio Version 16
VisualStudioVersion = 16.0.28917.181
MinimumVisualStudioVersion = 10.0.40219.1
Project("{FAE04EC0-301F-11D3-BF4B-00C04F79EFBC}") = "FutureValue", "FutureValue\FutureValue.csproj", "{0594803F-FC7A-4BFA-A84C-DE2AAD854D5E}"
EndProject
Global
	GlobalSection(SolutionConfigurationPlatforms) = preSolution
		Debug|Any CPU = Debug|Any CPU
		Release|Any CPU = Release|Any CPU
	EndGlobalSection
	GlobalSection(ProjectConfigurationPlatforms) = postSolution
		{0594803F-FC7A-4BFA-A84C-DE2AAD854D5E}.Debug|Any CPU.ActiveCfg = Debug|Any CPU
		{0594803F-FC7A-4BFA-A84C-DE2AAD854D5E}.Debug|Any CPU.Build.0 = Debug|Any CPU
		{0594803F-FC7A-4BFA-A84C-DE2AAD854D5E}.Release|Any CPU.ActiveCfg = Release|Any CPU
		{0594803F-FC7A-4BFA-A84C-DE2AAD854D5E}.Release|Any CPU.Build.0 = Release|Any CPU
	EndGlobalSection
	GlobalSection(SolutionProperties) = preSolution
		HideSolutionNode = FALSE
	EndGlobalSection
	GlobalSection(ExtensibilityGlobals) = postSolution
		SolutionGuid = {A1330FE1-241C-49BB-A7F8-C5001B7FD79F}
	EndGlobalSection
EndGlobal
