
Microsoft Visual Studio Solution File, Format Version 12.00
# Visual Studio Version 16
VisualStudioVersion = 16.0.31025.194
MinimumVisualStudioVersion = 10.0.40219.1
Project("{FAE04EC0-301F-11D3-BF4B-00C04F79EFBC}") = "TripLog", "TripLog\TripLog.csproj", "{8501C3AB-E7FF-4056-8A3B-9861AAEBDEDB}"
EndProject
Global
	GlobalSection(SolutionConfigurationPlatforms) = preSolution
		Debug|Any CPU = Debug|Any CPU
		Release|Any CPU = Release|Any CPU
	EndGlobalSection
	GlobalSection(ProjectConfigurationPlatforms) = postSolution
		{8501C3AB-E7FF-4056-8A3B-9861AAEBDEDB}.Debug|Any CPU.ActiveCfg = Debug|Any CPU
		{8501C3AB-E7FF-4056-8A3B-9861AAEBDEDB}.Debug|Any CPU.Build.0 = Debug|Any CPU
		{8501C3AB-E7FF-4056-8A3B-9861AAEBDEDB}.Release|Any CPU.ActiveCfg = Release|Any CPU
		{8501C3AB-E7FF-4056-8A3B-9861AAEBDEDB}.Release|Any CPU.Build.0 = Release|Any CPU
	EndGlobalSection
	GlobalSection(SolutionProperties) = preSolution
		HideSolutionNode = FALSE
	EndGlobalSection
	GlobalSection(ExtensibilityGlobals) = postSolution
		SolutionGuid = {F64D35CE-A5C3-48E9-9838-E16F3A140879}
	EndGlobalSection
EndGlobal
