
Microsoft Visual Studio Solution File, Format Version 12.00
# Visual Studio Version 16
VisualStudioVersion = 16.0.30907.101
MinimumVisualStudioVersion = 10.0.40219.1
Project("{FAE04EC0-301F-11D3-BF4B-00C04F79EFBC}") = "FutureValue", "FutureValue\FutureValue.csproj", "{C8C3DC6E-5E45-4C57-A832-3FA55C41E976}"
EndProject
Global
	GlobalSection(SolutionConfigurationPlatforms) = preSolution
		Debug|Any CPU = Debug|Any CPU
		Release|Any CPU = Release|Any CPU
	EndGlobalSection
	GlobalSection(ProjectConfigurationPlatforms) = postSolution
		{C8C3DC6E-5E45-4C57-A832-3FA55C41E976}.Debug|Any CPU.ActiveCfg = Debug|Any CPU
		{C8C3DC6E-5E45-4C57-A832-3FA55C41E976}.Debug|Any CPU.Build.0 = Debug|Any CPU
		{C8C3DC6E-5E45-4C57-A832-3FA55C41E976}.Release|Any CPU.ActiveCfg = Release|Any CPU
		{C8C3DC6E-5E45-4C57-A832-3FA55C41E976}.Release|Any CPU.Build.0 = Release|Any CPU
	EndGlobalSection
	GlobalSection(SolutionProperties) = preSolution
		HideSolutionNode = FALSE
	EndGlobalSection
	GlobalSection(ExtensibilityGlobals) = postSolution
		SolutionGuid = {AFD773A1-2BB1-411F-AE7D-2F27F833AA25}
	EndGlobalSection
EndGlobal
