
Microsoft Visual Studio Solution File, Format Version 12.00
# Visual Studio Version 16
VisualStudioVersion = 16.0.29311.281
MinimumVisualStudioVersion = 10.0.40219.1
Project("{FAE04EC0-301F-11D3-BF4B-00C04F79EFBC}") = "ClassSchedule", "ClassSchedule\ClassSchedule.csproj", "{FFFD3EA9-E8CB-4729-9D76-AEF2292AF483}"
EndProject
Global
	GlobalSection(SolutionConfigurationPlatforms) = preSolution
		Debug|Any CPU = Debug|Any CPU
		Release|Any CPU = Release|Any CPU
	EndGlobalSection
	GlobalSection(ProjectConfigurationPlatforms) = postSolution
		{FFFD3EA9-E8CB-4729-9D76-AEF2292AF483}.Debug|Any CPU.ActiveCfg = Debug|Any CPU
		{FFFD3EA9-E8CB-4729-9D76-AEF2292AF483}.Debug|Any CPU.Build.0 = Debug|Any CPU
		{FFFD3EA9-E8CB-4729-9D76-AEF2292AF483}.Release|Any CPU.ActiveCfg = Release|Any CPU
		{FFFD3EA9-E8CB-4729-9D76-AEF2292AF483}.Release|Any CPU.Build.0 = Release|Any CPU
	EndGlobalSection
	GlobalSection(SolutionProperties) = preSolution
		HideSolutionNode = FALSE
	EndGlobalSection
	GlobalSection(ExtensibilityGlobals) = postSolution
		SolutionGuid = {30378259-E1AE-4C03-BF2F-0CDBBF80FFC5}
	EndGlobalSection
EndGlobal
